hash: 12bb66f0da63654e5012e6092f8ea959bdb8d7dd1da82984ad8a8a6871c3d02d
updated: 2017-05-27T16:18:21.979532944+08:00
imports:
- name: github.com/op/go-logging
  version: b2cb9fa56473e98db8caba80237377e83fe44db5
- name: github.com/streadway/amqp
  version: dfe15e36048539f4cda41f240b27a5ca25b9cd46
testImports: []
